
Microsoft Visual Studio Solution File, Format Version 12.00
# Visual Studio Version 16
VisualStudioVersion = 16.0.29025.244
MinimumVisualStudioVersion = 10.0.40219.1
Project("{FAE04EC0-301F-11D3-BF4B-00C04F79EFBC}") = "Interfaces", "Interfaces\Interfaces.csproj", "{D185E446-7FED-4AE9-BF6E-3F8F5FAFC64E}"
EndProject
Global
	GlobalSection(SolutionConfigurationPlatforms) = preSolution
		Debug|Any CPU = Debug|Any CPU
		Release|Any CPU = Release|Any CPU
	EndGlobalSection
	GlobalSection(ProjectConfigurationPlatforms) = postSolution
		{D185E446-7FED-4AE9-BF6E-3F8F5FAFC64E}.Debug|Any CPU.ActiveCfg = Debug|Any CPU
		{D185E446-7FED-4AE9-BF6E-3F8F5FAFC64E}.Debug|Any CPU.Build.0 = Debug|Any CPU
		{D185E446-7FED-4AE9-BF6E-3F8F5FAFC64E}.Release|Any CPU.ActiveCfg = Release|Any CPU
		{D185E446-7FED-4AE9-BF6E-3F8F5FAFC64E}.Release|Any CPU.Build.0 = Release|Any CPU
	EndGlobalSection
	GlobalSection(SolutionProperties) = preSolution
		HideSolutionNode = FALSE
	EndGlobalSection
	GlobalSection(ExtensibilityGlobals) = postSolution
		SolutionGuid = {7033FE49-9E2A-45C0-8B42-E7F91339BD58}
	EndGlobalSection
EndGlobal
